
Microsoft Visual Studio Solution File, Format Version 12.00
# Visual Studio Version 17
VisualStudioVersion = 17.5.33424.131
MinimumVisualStudioVersion = 10.0.40219.1
Project("{FAE04EC0-301F-11D3-BF4B-00C04F79EFBC}") = "HolidaysService", "HolidaysService\HolidaysService.csproj", "{F60586A4-158D-46C6-AD5B-1DE6A889B75A}"
EndProject
Project("{FAE04EC0-301F-11D3-BF4B-00C04F79EFBC}") = "PublicHolidays.Tests", "PublicHolidays.Tests\PublicHolidays.Tests.csproj", "{B6598DA8-7E2B-43A9-B696-83BDC03D9D70}"
EndProject
Global
	GlobalSection(SolutionConfigurationPlatforms) = preSolution
		Debug|Any CPU = Debug|Any CPU
		Release|Any CPU = Release|Any CPU
	EndGlobalSection
	GlobalSection(ProjectConfigurationPlatforms) = postSolution
		{F60586A4-158D-46C6-AD5B-1DE6A889B75A}.Debug|Any CPU.ActiveCfg = Debug|Any CPU
		{F60586A4-158D-46C6-AD5B-1DE6A889B75A}.Debug|Any CPU.Build.0 = Debug|Any CPU
		{F60586A4-158D-46C6-AD5B-1DE6A889B75A}.Release|Any CPU.ActiveCfg = Release|Any CPU
		{F60586A4-158D-46C6-AD5B-1DE6A889B75A}.Release|Any CPU.Build.0 = Release|Any CPU
		{B6598DA8-7E2B-43A9-B696-83BDC03D9D70}.Debug|Any CPU.ActiveCfg = Debug|Any CPU
		{B6598DA8-7E2B-43A9-B696-83BDC03D9D70}.Debug|Any CPU.Build.0 = Debug|Any CPU
		{B6598DA8-7E2B-43A9-B696-83BDC03D9D70}.Release|Any CPU.ActiveCfg = Release|Any CPU
		{B6598DA8-7E2B-43A9-B696-83BDC03D9D70}.Release|Any CPU.Build.0 = Release|Any CPU
	EndGlobalSection
	GlobalSection(SolutionProperties) = preSolution
		HideSolutionNode = FALSE
	EndGlobalSection
	GlobalSection(ExtensibilityGlobals) = postSolution
		SolutionGuid = {BE22B28C-8744-4148-A723-E3C7AF2363D2}
	EndGlobalSection
EndGlobal
